// !$*UTF8*$!
{
	archiveVersion = 1;
	classes = {
	};
	objectVersion = 56;
	objects = {

/* Begin PBXBuildFile section */
		4A1AA513295AC6EC00D62BF5 /* AgePickerVM.swift in Sources */ = {isa = PBXBuildFile; fileRef = 4A1AA512295AC6EC00D62BF5 /* AgePickerVM.swift */; };
		4A1AA516295ACB0E00D62BF5 /* UIWrappableTextField.swift in Sources */ = {isa = PBXBuildFile; fileRef = 4A1AA515295ACB0E00D62BF5 /* UIWrappableTextField.swift */; };
		4A1AA518295ACBCA00D62BF5 /* UIBirthdayTextField.swift in Sources */ = {isa = PBXBuildFile; fileRef = 4A1AA517295ACBCA00D62BF5 /* UIBirthdayTextField.swift */; };
		4A1AA51B295AEED200D62BF5 /* ImagePicker.swift in Sources */ = {isa = PBXBuildFile; fileRef = 4A1AA51A295AEED200D62BF5 /* ImagePicker.swift */; };
		4A1AA51D295AF3AF00D62BF5 /* ContinueWithoutImageText.swift in Sources */ = {isa = PBXBuildFile; fileRef = 4A1AA51C295AF3AF00D62BF5 /* ContinueWithoutImageText.swift */; };
		4A1AA520295AF3E400D62BF5 /* ImagePickerButton.swift in Sources */ = {isa = PBXBuildFile; fileRef = 4A1AA51F295AF3E400D62BF5 /* ImagePickerButton.swift */; };
		4A1AA527295B063400D62BF5 /* DayPickerTextField.swift in Sources */ = {isa = PBXBuildFile; fileRef = 4A1AA526295B063400D62BF5 /* DayPickerTextField.swift */; };
		4A1AA529295B0FA800D62BF5 /* PhotoPicker.swift in Sources */ = {isa = PBXBuildFile; fileRef = 4A1AA528295B0FA800D62BF5 /* PhotoPicker.swift */; };
		4A1AA52B295B11A200D62BF5 /* PhotoPickerImage.swift in Sources */ = {isa = PBXBuildFile; fileRef = 4A1AA52A295B11A200D62BF5 /* PhotoPickerImage.swift */; };
		4A49B47829597C6400D3918D /* NamePickerView.swift in Sources */ = {isa = PBXBuildFile; fileRef = 4A49B47729597C6400D3918D /* NamePickerView.swift */; };
		4A49B47A29597C6D00D3918D /* AuthenticationView.swift in Sources */ = {isa = PBXBuildFile; fileRef = 4A49B47929597C6D00D3918D /* AuthenticationView.swift */; };
		4A49B48229598C7700D3918D /* OnboardingBackground.swift in Sources */ = {isa = PBXBuildFile; fileRef = 4A49B48129598C7700D3918D /* OnboardingBackground.swift */; };
		4A49B48A2959905E00D3918D /* AgePickerView.swift in Sources */ = {isa = PBXBuildFile; fileRef = 4A49B4892959905E00D3918D /* AgePickerView.swift */; };
		4A49B48C29599D5500D3918D /* UsernamePickerView.swift in Sources */ = {isa = PBXBuildFile; fileRef = 4A49B48B29599D5500D3918D /* UsernamePickerView.swift */; };
		4A49B48F2959AA0E00D3918D /* AuthenticationTextField.swift in Sources */ = {isa = PBXBuildFile; fileRef = 4A49B48E2959AA0E00D3918D /* AuthenticationTextField.swift */; };
		4A49B4912959B08500D3918D /* OnboardingButton.swift in Sources */ = {isa = PBXBuildFile; fileRef = 4A49B4902959B08500D3918D /* OnboardingButton.swift */; };
		4A49B4952959B1BC00D3918D /* OnboardingIllustration.swift in Sources */ = {isa = PBXBuildFile; fileRef = 4A49B4942959B1BC00D3918D /* OnboardingIllustration.swift */; };
		4A49B4972959B26100D3918D /* AuthenticationVM.swift in Sources */ = {isa = PBXBuildFile; fileRef = 4A49B4962959B26100D3918D /* AuthenticationVM.swift */; };
		4A60FE2B2959F1C3004336CA /* GreetingButton.swift in Sources */ = {isa = PBXBuildFile; fileRef = 4A60FE2A2959F1C3004336CA /* GreetingButton.swift */; };
		4A60FE2E2959F7D9004336CA /* VentureTextWithLogo.swift in Sources */ = {isa = PBXBuildFile; fileRef = 4A60FE2D2959F7D9004336CA /* VentureTextWithLogo.swift */; };
		4A60FE312959FE83004336CA /* PickerView.swift in Sources */ = {isa = PBXBuildFile; fileRef = 4A60FE302959FE83004336CA /* PickerView.swift */; };
		4A60FE33295A00D8004336CA /* ImagePickerView.swift in Sources */ = {isa = PBXBuildFile; fileRef = 4A60FE32295A00D8004336CA /* ImagePickerView.swift */; };
		4A60FE35295A0110004336CA /* RegistrationView.swift in Sources */ = {isa = PBXBuildFile; fileRef = 4A60FE34295A0110004336CA /* RegistrationView.swift */; };
		4A60FE3D295A0D90004336CA /* OnboardingFlowChangeText.swift in Sources */ = {isa = PBXBuildFile; fileRef = 4A60FE3C295A0D90004336CA /* OnboardingFlowChangeText.swift */; };
		4A60FE3F295A1C62004336CA /* TextFieldDynamicWidth.swift in Sources */ = {isa = PBXBuildFile; fileRef = 4A60FE3E295A1C62004336CA /* TextFieldDynamicWidth.swift */; };
		4A60FE41295A1CBB004336CA /* GlobalGeometryReader.swift in Sources */ = {isa = PBXBuildFile; fileRef = 4A60FE40295A1CBB004336CA /* GlobalGeometryReader.swift */; };
		4A75918729596DB900BB672D /* VenturePrototypeApp.swift in Sources */ = {isa = PBXBuildFile; fileRef = 4A75918629596DB900BB672D /* VenturePrototypeApp.swift */; };
		4A75918B29596DB900BB672D /* Assets.xcassets in Resources */ = {isa = PBXBuildFile; fileRef = 4A75918A29596DB900BB672D /* Assets.xcassets */; };
		4A75918E29596DB900BB672D /* Preview Assets.xcassets in Resources */ = {isa = PBXBuildFile; fileRef = 4A75918D29596DB900BB672D /* Preview Assets.xcassets */; };
		4A75919829596DBA00BB672D /* VenturePrototypeTests.swift in Sources */ = {isa = PBXBuildFile; fileRef = 4A75919729596DBA00BB672D /* VenturePrototypeTests.swift */; };
		4A7591A229596DBA00BB672D /* VenturePrototypeUITests.swift in Sources */ = {isa = PBXBuildFile; fileRef = 4A7591A129596DBA00BB672D /* VenturePrototypeUITests.swift */; };
		4A7591A429596DBA00BB672D /* VenturePrototypeUITestsLaunchTests.swift in Sources */ = {isa = PBXBuildFile; fileRef = 4A7591A329596DBA00BB672D /* VenturePrototypeUITestsLaunchTests.swift */; };
		4A7591B62959766900BB672D /* GreetingView.swift in Sources */ = {isa = PBXBuildFile; fileRef = 4A7591B52959766900BB672D /* GreetingView.swift */; };
		4AB29B14295B45C700D80FE6 /* User.swift in Sources */ = {isa = PBXBuildFile; fileRef = 4AB29B13295B45C700D80FE6 /* User.swift */; };
		4AB29B17295B4A3D00D80FE6 /* FirebaseAuth in Frameworks */ = {isa = PBXBuildFile; productRef = 4AB29B16295B4A3D00D80FE6 /* FirebaseAuth */; };
		4AB29B19295B4A3D00D80FE6 /* FirebaseFirestore in Frameworks */ = {isa = PBXBuildFile; productRef = 4AB29B18295B4A3D00D80FE6 /* FirebaseFirestore */; };
		4AB29B1B295B4A3D00D80FE6 /* FirebaseFirestoreSwift in Frameworks */ = {isa = PBXBuildFile; productRef = 4AB29B1A295B4A3D00D80FE6 /* FirebaseFirestoreSwift */; };
		4AB29B1D295B4A3D00D80FE6 /* FirebaseStorage in Frameworks */ = {isa = PBXBuildFile; productRef = 4AB29B1C295B4A3D00D80FE6 /* FirebaseStorage */; };
/* End PBXBuildFile section */

/* Begin PBXContainerItemProxy section */
		4A75919429596DBA00BB672D /* PBXContainerItemProxy */ = {
			isa = PBXContainerItemProxy;
			containerPortal = 4A75917B29596DB900BB672D /* Project object */;
			proxyType = 1;
			remoteGlobalIDString = 4A75918229596DB900BB672D;
			remoteInfo = VenturePrototype;
		};
		4A75919E29596DBA00BB672D /* PBXContainerItemProxy */ = {
			isa = PBXContainerItemProxy;
			containerPortal = 4A75917B29596DB900BB672D /* Project object */;
			proxyType = 1;
			remoteGlobalIDString = 4A75918229596DB900BB672D;
			remoteInfo = VenturePrototype;
		};
/* End PBXContainerItemProxy section */

/* Begin PBXFileReference section */
		4A1AA512295AC6EC00D62BF5 /* AgePickerVM.swift */ = {isa = PBXFileReference; lastKnownFileType = sourcecode.swift; path = AgePickerVM.swift; sourceTree = "<group>"; };
		4A1AA515295ACB0E00D62BF5 /* UIWrappableTextField.swift */ = {isa = PBXFileReference; lastKnownFileType = sourcecode.swift; path = UIWrappableTextField.swift; sourceTree = "<group>"; };
		4A1AA517295ACBCA00D62BF5 /* UIBirthdayTextField.swift */ = {isa = PBXFileReference; lastKnownFileType = sourcecode.swift; path = UIBirthdayTextField.swift; sourceTree = "<group>"; };
		4A1AA51A295AEED200D62BF5 /* ImagePicker.swift */ = {isa = PBXFileReference; lastKnownFileType = sourcecode.swift; path = ImagePicker.swift; sourceTree = "<group>"; };
		4A1AA51C295AF3AF00D62BF5 /* ContinueWithoutImageText.swift */ = {isa = PBXFileReference; lastKnownFileType = sourcecode.swift; path = ContinueWithoutImageText.swift; sourceTree = "<group>"; };
		4A1AA51F295AF3E400D62BF5 /* ImagePickerButton.swift */ = {isa = PBXFileReference; lastKnownFileType = sourcecode.swift; path = ImagePickerButton.swift; sourceTree = "<group>"; };
		4A1AA526295B063400D62BF5 /* DayPickerTextField.swift */ = {isa = PBXFileReference; lastKnownFileType = sourcecode.swift; path = DayPickerTextField.swift; sourceTree = "<group>"; };
		4A1AA528295B0FA800D62BF5 /* PhotoPicker.swift */ = {isa = PBXFileReference; lastKnownFileType = sourcecode.swift; path = PhotoPicker.swift; sourceTree = "<group>"; };
		4A1AA52A295B11A200D62BF5 /* PhotoPickerImage.swift */ = {isa = PBXFileReference; lastKnownFileType = sourcecode.swift; path = PhotoPickerImage.swift; sourceTree = "<group>"; };
		4A49B47729597C6400D3918D /* NamePickerView.swift */ = {isa = PBXFileReference; lastKnownFileType = sourcecode.swift; path = NamePickerView.swift; sourceTree = "<group>"; };
		4A49B47929597C6D00D3918D /* AuthenticationView.swift */ = {isa = PBXFileReference; lastKnownFileType = sourcecode.swift; path = AuthenticationView.swift; sourceTree = "<group>"; };
		4A49B48129598C7700D3918D /* OnboardingBackground.swift */ = {isa = PBXFileReference; lastKnownFileType = sourcecode.swift; path = OnboardingBackground.swift; sourceTree = "<group>"; };
		4A49B4892959905E00D3918D /* AgePickerView.swift */ = {isa = PBXFileReference; lastKnownFileType = sourcecode.swift; path = AgePickerView.swift; sourceTree = "<group>"; };
		4A49B48B29599D5500D3918D /* UsernamePickerView.swift */ = {isa = PBXFileReference; lastKnownFileType = sourcecode.swift; path = UsernamePickerView.swift; sourceTree = "<group>"; };
		4A49B48E2959AA0E00D3918D /* AuthenticationTextField.swift */ = {isa = PBXFileReference; lastKnownFileType = sourcecode.swift; path = AuthenticationTextField.swift; sourceTree = "<group>"; };
		4A49B4902959B08500D3918D /* OnboardingButton.swift */ = {isa = PBXFileReference; lastKnownFileType = sourcecode.swift; path = OnboardingButton.swift; sourceTree = "<group>"; };
		4A49B4942959B1BC00D3918D /* OnboardingIllustration.swift */ = {isa = PBXFileReference; lastKnownFileType = sourcecode.swift; path = OnboardingIllustration.swift; sourceTree = "<group>"; };
		4A49B4962959B26100D3918D /* AuthenticationVM.swift */ = {isa = PBXFileReference; lastKnownFileType = sourcecode.swift; path = AuthenticationVM.swift; sourceTree = "<group>"; };
		4A60FE2A2959F1C3004336CA /* GreetingButton.swift */ = {isa = PBXFileReference; lastKnownFileType = sourcecode.swift; path = GreetingButton.swift; sourceTree = "<group>"; };
		4A60FE2D2959F7D9004336CA /* VentureTextWithLogo.swift */ = {isa = PBXFileReference; lastKnownFileType = sourcecode.swift; path = VentureTextWithLogo.swift; sourceTree = "<group>"; };
		4A60FE302959FE83004336CA /* PickerView.swift */ = {isa = PBXFileReference; lastKnownFileType = sourcecode.swift; path = PickerView.swift; sourceTree = "<group>"; };
		4A60FE32295A00D8004336CA /* ImagePickerView.swift */ = {isa = PBXFileReference; lastKnownFileType = sourcecode.swift; path = ImagePickerView.swift; sourceTree = "<group>"; };
		4A60FE34295A0110004336CA /* RegistrationView.swift */ = {isa = PBXFileReference; lastKnownFileType = sourcecode.swift; path = RegistrationView.swift; sourceTree = "<group>"; };
		4A60FE3C295A0D90004336CA /* OnboardingFlowChangeText.swift */ = {isa = PBXFileReference; lastKnownFileType = sourcecode.swift; path = OnboardingFlowChangeText.swift; sourceTree = "<group>"; };
		4A60FE3E295A1C62004336CA /* TextFieldDynamicWidth.swift */ = {isa = PBXFileReference; lastKnownFileType = sourcecode.swift; path = TextFieldDynamicWidth.swift; sourceTree = "<group>"; };
		4A60FE40295A1CBB004336CA /* GlobalGeometryReader.swift */ = {isa = PBXFileReference; lastKnownFileType = sourcecode.swift; path = GlobalGeometryReader.swift; sourceTree = "<group>"; };
		4A75918329596DB900BB672D /* VenturePrototype.app */ = {isa = PBXFileReference; explicitFileType = wrapper.application; includeInIndex = 0; path = VenturePrototype.app; sourceTree = BUILT_PRODUCTS_DIR; };
		4A75918629596DB900BB672D /* VenturePrototypeApp.swift */ = {isa = PBXFileReference; lastKnownFileType = sourcecode.swift; path = VenturePrototypeApp.swift; sourceTree = "<group>"; };
		4A75918A29596DB900BB672D /* Assets.xcassets */ = {isa = PBXFileReference; lastKnownFileType = folder.assetcatalog; path = Assets.xcassets; sourceTree = "<group>"; };
		4A75918D29596DB900BB672D /* Preview Assets.xcassets */ = {isa = PBXFileReference; lastKnownFileType = folder.assetcatalog; path = "Preview Assets.xcassets"; sourceTree = "<group>"; };
		4A75919329596DBA00BB672D /* VenturePrototypeTests.xctest */ = {isa = PBXFileReference; explicitFileType = wrapper.cfbundle; includeInIndex = 0; path = VenturePrototypeTests.xctest; sourceTree = BUILT_PRODUCTS_DIR; };
		4A75919729596DBA00BB672D /* VenturePrototypeTests.swift */ = {isa = PBXFileReference; lastKnownFileType = sourcecode.swift; path = VenturePrototypeTests.swift; sourceTree = "<group>"; };
		4A75919D29596DBA00BB672D /* VenturePrototypeUITests.xctest */ = {isa = PBXFileReference; explicitFileType = wrapper.cfbundle; includeInIndex = 0; path = VenturePrototypeUITests.xctest; sourceTree = BUILT_PRODUCTS_DIR; };
		4A7591A129596DBA00BB672D /* VenturePrototypeUITests.swift */ = {isa = PBXFileReference; lastKnownFileType = sourcecode.swift; path = VenturePrototypeUITests.swift; sourceTree = "<group>"; };
		4A7591A329596DBA00BB672D /* VenturePrototypeUITestsLaunchTests.swift */ = {isa = PBXFileReference; lastKnownFileType = sourcecode.swift; path = VenturePrototypeUITestsLaunchTests.swift; sourceTree = "<group>"; };
		4A7591B52959766900BB672D /* GreetingView.swift */ = {isa = PBXFileReference; lastKnownFileType = sourcecode.swift; path = GreetingView.swift; sourceTree = "<group>"; };
		4AB29B13295B45C700D80FE6 /* User.swift */ = {isa = PBXFileReference; lastKnownFileType = sourcecode.swift; path = User.swift; sourceTree = "<group>"; };
/* End PBXFileReference section */

/* Begin PBXFrameworksBuildPhase section */
		4A75918029596DB900BB672D /* Frameworks */ = {
			isa = PBXFrameworksBuildPhase;
			buildActionMask = 2147483647;
			files = (
				4AB29B17295B4A3D00D80FE6 /* FirebaseAuth in Frameworks */,
				4AB29B1D295B4A3D00D80FE6 /* FirebaseStorage in Frameworks */,
				4AB29B19295B4A3D00D80FE6 /* FirebaseFirestore in Frameworks */,
				4AB29B1B295B4A3D00D80FE6 /* FirebaseFirestoreSwift in Frameworks */,
			);
			runOnlyForDeploymentPostprocessing = 0;
		};
		4A75919029596DBA00BB672D /* Frameworks */ = {
			isa = PBXFrameworksBuildPhase;
			buildActionMask = 2147483647;
			files = (
			);
			runOnlyForDeploymentPostprocessing = 0;
		};
		4A75919A29596DBA00BB672D /* Frameworks */ = {
			isa = PBXFrameworksBuildPhase;
			buildActionMask = 2147483647;
			files = (
			);
			runOnlyForDeploymentPostprocessing = 0;
		};
/* End PBXFrameworksBuildPhase section */

/* Begin PBXGroup section */
		4A1AA519295AEEC700D62BF5 /* Subviews */ = {
			isa = PBXGroup;
			children = (
				4A1AA51F295AF3E400D62BF5 /* ImagePickerButton.swift */,
				4A1AA51C295AF3AF00D62BF5 /* ContinueWithoutImageText.swift */,
				4A1AA528295B0FA800D62BF5 /* PhotoPicker.swift */,
			);
			path = Subviews;
			sourceTree = "<group>";
		};
		4A1AA521295B056F00D62BF5 /* UITextView for AgePicker */ = {
			isa = PBXGroup;
			children = (
				4A1AA515295ACB0E00D62BF5 /* UIWrappableTextField.swift */,
				4A1AA517295ACBCA00D62BF5 /* UIBirthdayTextField.swift */,
			);
			path = "UITextView for AgePicker";
			sourceTree = "<group>";
		};
		4A1AA522295B057F00D62BF5 /* Venture Text with Logo */ = {
			isa = PBXGroup;
			children = (
				4A60FE2D2959F7D9004336CA /* VentureTextWithLogo.swift */,
			);
			path = "Venture Text with Logo";
			sourceTree = "<group>";
		};
		4A1AA523295B058A00D62BF5 /* TextField with dynamic width */ = {
			isa = PBXGroup;
			children = (
				4A60FE3E295A1C62004336CA /* TextFieldDynamicWidth.swift */,
				4A60FE40295A1CBB004336CA /* GlobalGeometryReader.swift */,
			);
			path = "TextField with dynamic width";
			sourceTree = "<group>";
		};
		4A1AA524295B061F00D62BF5 /* Subviews */ = {
			isa = PBXGroup;
			children = (
				4A1AA526295B063400D62BF5 /* DayPickerTextField.swift */,
			);
			path = Subviews;
			sourceTree = "<group>";
		};
		4A1AA52C295B2EAD00D62BF5 /* ImagePicker Ressources */ = {
			isa = PBXGroup;
			children = (
				4A1AA51A295AEED200D62BF5 /* ImagePicker.swift */,
				4A1AA52A295B11A200D62BF5 /* PhotoPickerImage.swift */,
			);
			path = "ImagePicker Ressources";
			sourceTree = "<group>";
		};
		4A49B4872959902100D3918D /* View */ = {
			isa = PBXGroup;
			children = (
				4A49B47929597C6D00D3918D /* AuthenticationView.swift */,
				4A49B48D2959A9EA00D3918D /* Subviews */,
			);
			path = View;
			sourceTree = "<group>";
		};
		4A49B4882959902500D3918D /* ViewModel */ = {
			isa = PBXGroup;
			children = (
				4A49B4962959B26100D3918D /* AuthenticationVM.swift */,
			);
			path = ViewModel;
			sourceTree = "<group>";
		};
		4A49B48D2959A9EA00D3918D /* Subviews */ = {
			isa = PBXGroup;
			children = (
				4A49B48E2959AA0E00D3918D /* AuthenticationTextField.swift */,
			);
			path = Subviews;
			sourceTree = "<group>";
		};
		4A60FE282959ED7C004336CA /* Subviews */ = {
			isa = PBXGroup;
			children = (
				4A49B48129598C7700D3918D /* OnboardingBackground.swift */,
				4A49B4942959B1BC00D3918D /* OnboardingIllustration.swift */,
				4A49B4902959B08500D3918D /* OnboardingButton.swift */,
				4A60FE3C295A0D90004336CA /* OnboardingFlowChangeText.swift */,
			);
			path = Subviews;
			sourceTree = "<group>";
		};
		4A60FE292959F1AE004336CA /* Subviews */ = {
			isa = PBXGroup;
			children = (
				4A60FE2A2959F1C3004336CA /* GreetingButton.swift */,
			);
			path = Subviews;
			sourceTree = "<group>";
		};
		4A60FE2C2959F7C9004336CA /* Ideas */ = {
			isa = PBXGroup;
			children = (
				4A1AA52C295B2EAD00D62BF5 /* ImagePicker Ressources */,
				4A1AA523295B058A00D62BF5 /* TextField with dynamic width */,
				4A1AA522295B057F00D62BF5 /* Venture Text with Logo */,
				4A1AA521295B056F00D62BF5 /* UITextView for AgePicker */,
			);
			path = Ideas;
			sourceTree = "<group>";
		};
		4A60FE42295A1E55004336CA /* NamePicker */ = {
			isa = PBXGroup;
			children = (
				4A60FE44295A1E5F004336CA /* ViewModel */,
				4A60FE43295A1E5A004336CA /* View */,
			);
			path = NamePicker;
			sourceTree = "<group>";
		};
		4A60FE43295A1E5A004336CA /* View */ = {
			isa = PBXGroup;
			children = (
				4A49B47729597C6400D3918D /* NamePickerView.swift */,
			);
			path = View;
			sourceTree = "<group>";
		};
		4A60FE44295A1E5F004336CA /* ViewModel */ = {
			isa = PBXGroup;
			children = (
			);
			path = ViewModel;
			sourceTree = "<group>";
		};
		4A60FE45295A1E77004336CA /* AgePicker */ = {
			isa = PBXGroup;
			children = (
				4A60FE47295A1E92004336CA /* ViewModel */,
				4A60FE46295A1E8E004336CA /* View */,
			);
			path = AgePicker;
			sourceTree = "<group>";
		};
		4A60FE46295A1E8E004336CA /* View */ = {
			isa = PBXGroup;
			children = (
				4A49B4892959905E00D3918D /* AgePickerView.swift */,
				4A1AA524295B061F00D62BF5 /* Subviews */,
			);
			path = View;
			sourceTree = "<group>";
		};
		4A60FE47295A1E92004336CA /* ViewModel */ = {
			isa = PBXGroup;
			children = (
				4A1AA512295AC6EC00D62BF5 /* AgePickerVM.swift */,
			);
			path = ViewModel;
			sourceTree = "<group>";
		};
		4A60FE48295A1E9D004336CA /* ImagePicker */ = {
			isa = PBXGroup;
			children = (
				4A60FE4A295A1EC2004336CA /* ViewModel */,
				4A60FE49295A1EBF004336CA /* View */,
			);
			path = ImagePicker;
			sourceTree = "<group>";
		};
		4A60FE49295A1EBF004336CA /* View */ = {
			isa = PBXGroup;
			children = (
				4A60FE32295A00D8004336CA /* ImagePickerView.swift */,
				4A1AA519295AEEC700D62BF5 /* Subviews */,
			);
			path = View;
			sourceTree = "<group>";
		};
		4A60FE4A295A1EC2004336CA /* ViewModel */ = {
			isa = PBXGroup;
			children = (
			);
			path = ViewModel;
			sourceTree = "<group>";
		};
		4A60FE4B295A1EC8004336CA /* Registration */ = {
			isa = PBXGroup;
			children = (
				4A60FE4D295A1EDB004336CA /* ViewModel */,
				4A60FE4C295A1ED8004336CA /* View */,
			);
			path = Registration;
			sourceTree = "<group>";
		};
		4A60FE4C295A1ED8004336CA /* View */ = {
			isa = PBXGroup;
			children = (
				4A60FE34295A0110004336CA /* RegistrationView.swift */,
			);
			path = View;
			sourceTree = "<group>";
		};
		4A60FE4D295A1EDB004336CA /* ViewModel */ = {
			isa = PBXGroup;
			children = (
			);
			path = ViewModel;
			sourceTree = "<group>";
		};
		4A60FE4E295A1EFD004336CA /* UsernamePicker */ = {
			isa = PBXGroup;
			children = (
				4A60FE50295A1F06004336CA /* ViewModel */,
				4A60FE4F295A1F02004336CA /* View */,
			);
			path = UsernamePicker;
			sourceTree = "<group>";
		};
		4A60FE4F295A1F02004336CA /* View */ = {
			isa = PBXGroup;
			children = (
				4A49B48B29599D5500D3918D /* UsernamePickerView.swift */,
			);
			path = View;
			sourceTree = "<group>";
		};
		4A60FE50295A1F06004336CA /* ViewModel */ = {
			isa = PBXGroup;
			children = (
			);
			path = ViewModel;
			sourceTree = "<group>";
		};
		4A60FE51295A1F26004336CA /* Subviews */ = {
			isa = PBXGroup;
			children = (
				4A60FE302959FE83004336CA /* PickerView.swift */,
			);
			path = Subviews;
			sourceTree = "<group>";
		};
		4A75917A29596DB900BB672D = {
			isa = PBXGroup;
			children = (
				4A75918529596DB900BB672D /* VenturePrototype */,
				4A75919629596DBA00BB672D /* VenturePrototypeTests */,
				4A7591A029596DBA00BB672D /* VenturePrototypeUITests */,
				4A75918429596DB900BB672D /* Products */,
			);
			sourceTree = "<group>";
		};
		4A75918429596DB900BB672D /* Products */ = {
			isa = PBXGroup;
			children = (
				4A75918329596DB900BB672D /* VenturePrototype.app */,
				4A75919329596DBA00BB672D /* VenturePrototypeTests.xctest */,
				4A75919D29596DBA00BB672D /* VenturePrototypeUITests.xctest */,
			);
			name = Products;
			sourceTree = "<group>";
		};
		4A75918529596DB900BB672D /* VenturePrototype */ = {
			isa = PBXGroup;
			children = (
				4A75918629596DB900BB672D /* VenturePrototypeApp.swift */,
				4AB29B12295B45B400D80FE6 /* Models */,
				4A7591B029596DDD00BB672D /* Onboarding */,
				4A75918A29596DB900BB672D /* Assets.xcassets */,
				4A60FE2C2959F7C9004336CA /* Ideas */,
				4A75918C29596DB900BB672D /* Preview Content */,
			);
			path = VenturePrototype;
			sourceTree = "<group>";
		};
		4A75918C29596DB900BB672D /* Preview Content */ = {
			isa = PBXGroup;
			children = (
				4A75918D29596DB900BB672D /* Preview Assets.xcassets */,
			);
			path = "Preview Content";
			sourceTree = "<group>";
		};
		4A75919629596DBA00BB672D /* VenturePrototypeTests */ = {
			isa = PBXGroup;
			children = (
				4A75919729596DBA00BB672D /* VenturePrototypeTests.swift */,
			);
			path = VenturePrototypeTests;
			sourceTree = "<group>";
		};
		4A7591A029596DBA00BB672D /* VenturePrototypeUITests */ = {
			isa = PBXGroup;
			children = (
				4A7591A129596DBA00BB672D /* VenturePrototypeUITests.swift */,
				4A7591A329596DBA00BB672D /* VenturePrototypeUITestsLaunchTests.swift */,
			);
			path = VenturePrototypeUITests;
			sourceTree = "<group>";
		};
		4A7591B029596DDD00BB672D /* Onboarding */ = {
			isa = PBXGroup;
			children = (
				4A60FE282959ED7C004336CA /* Subviews */,
				4A7591B1295974C100BB672D /* LaunchScreen */,
				4A7591B2295974CC00BB672D /* Greeting */,
				4A7591B3295974E900BB672D /* Registration */,
				4A7591B4295975D200BB672D /* Authentication */,
			);
			path = Onboarding;
			sourceTree = "<group>";
		};
		4A7591B1295974C100BB672D /* LaunchScreen */ = {
			isa = PBXGroup;
			children = (
			);
			path = LaunchScreen;
			sourceTree = "<group>";
		};
		4A7591B2295974CC00BB672D /* Greeting */ = {
			isa = PBXGroup;
			children = (
				4A7591B52959766900BB672D /* GreetingView.swift */,
				4A60FE292959F1AE004336CA /* Subviews */,
			);
			path = Greeting;
			sourceTree = "<group>";
		};
		4A7591B3295974E900BB672D /* Registration */ = {
			isa = PBXGroup;
			children = (
				4A60FE51295A1F26004336CA /* Subviews */,
				4A60FE42295A1E55004336CA /* NamePicker */,
				4A60FE45295A1E77004336CA /* AgePicker */,
				4A60FE4E295A1EFD004336CA /* UsernamePicker */,
				4A60FE4B295A1EC8004336CA /* Registration */,
				4A60FE48295A1E9D004336CA /* ImagePicker */,
			);
			path = Registration;
			sourceTree = "<group>";
		};
		4A7591B4295975D200BB672D /* Authentication */ = {
			isa = PBXGroup;
			children = (
				4A49B4882959902500D3918D /* ViewModel */,
				4A49B4872959902100D3918D /* View */,
			);
			path = Authentication;
			sourceTree = "<group>";
		};
		4AB29B12295B45B400D80FE6 /* Models */ = {
			isa = PBXGroup;
			children = (
				4AB29B13295B45C700D80FE6 /* User.swift */,
			);
			path = Models;
			sourceTree = "<group>";
		};
/* End PBXGroup section */

/* Begin PBXNativeTarget section */
		4A75918229596DB900BB672D /* VenturePrototype */ = {
			isa = PBXNativeTarget;
			buildConfigurationList = 4A7591A729596DBA00BB672D /* Build configuration list for PBXNativeTarget "VenturePrototype" */;
			buildPhases = (
				4A75917F29596DB900BB672D /* Sources */,
				4A75918029596DB900BB672D /* Frameworks */,
				4A75918129596DB900BB672D /* Resources */,
			);
			buildRules = (
			);
			dependencies = (
			);
			name = VenturePrototype;
			packageProductDependencies = (
				4AB29B16295B4A3D00D80FE6 /* FirebaseAuth */,
				4AB29B18295B4A3D00D80FE6 /* FirebaseFirestore */,
				4AB29B1A295B4A3D00D80FE6 /* FirebaseFirestoreSwift */,
				4AB29B1C295B4A3D00D80FE6 /* FirebaseStorage */,
			);
			productName = VenturePrototype;
			productReference = 4A75918329596DB900BB672D /* VenturePrototype.app */;
			productType = "com.apple.product-type.application";
		};
		4A75919229596DBA00BB672D /* VenturePrototypeTests */ = {
			isa = PBXNativeTarget;
			buildConfigurationList = 4A7591AA29596DBA00BB672D /* Build configuration list for PBXNativeTarget "VenturePrototypeTests" */;
			buildPhases = (
				4A75918F29596DBA00BB672D /* Sources */,
				4A75919029596DBA00BB672D /* Frameworks */,
				4A75919129596DBA00BB672D /* Resources */,
			);
			buildRules = (
			);
			dependencies = (
				4A75919529596DBA00BB672D /* PBXTargetDependency */,
			);
			name = VenturePrototypeTests;
			productName = VenturePrototypeTests;
			productReference = 4A75919329596DBA00BB672D /* VenturePrototypeTests.xctest */;
			productType = "com.apple.product-type.bundle.unit-test";
		};
		4A75919C29596DBA00BB672D /* VenturePrototypeUITests */ = {
			isa = PBXNativeTarget;
			buildConfigurationList = 4A7591AD29596DBA00BB672D /* Build configuration list for PBXNativeTarget "VenturePrototypeUITests" */;
			buildPhases = (
				4A75919929596DBA00BB672D /* Sources */,
				4A75919A29596DBA00BB672D /* Frameworks */,
				4A75919B29596DBA00BB672D /* Resources */,
			);
			buildRules = (
			);
			dependencies = (
				4A75919F29596DBA00BB672D /* PBXTargetDependency */,
			);
			name = VenturePrototypeUITests;
			productName = VenturePrototypeUITests;
			productReference = 4A75919D29596DBA00BB672D /* VenturePrototypeUITests.xctest */;
			productType = "com.apple.product-type.bundle.ui-testing";
		};
/* End PBXNativeTarget section */

/* Begin PBXProject section */
		4A75917B29596DB900BB672D /* Project object */ = {
			isa = PBXProject;
			attributes = {
				BuildIndependentTargetsInParallel = 1;
				LastSwiftUpdateCheck = 1420;
				LastUpgradeCheck = 1420;
				TargetAttributes = {
					4A75918229596DB900BB672D = {
						CreatedOnToolsVersion = 14.2;
					};
					4A75919229596DBA00BB672D = {
						CreatedOnToolsVersion = 14.2;
						TestTargetID = 4A75918229596DB900BB672D;
					};
					4A75919C29596DBA00BB672D = {
						CreatedOnToolsVersion = 14.2;
						TestTargetID = 4A75918229596DB900BB672D;
					};
				};
			};
			buildConfigurationList = 4A75917E29596DB900BB672D /* Build configuration list for PBXProject "VenturePrototype" */;
			compatibilityVersion = "Xcode 14.0";
			developmentRegion = en;
			hasScannedForEncodings = 0;
			knownRegions = (
				en,
				Base,
			);
			mainGroup = 4A75917A29596DB900BB672D;
			packageReferences = (
				4AB29B15295B4A3D00D80FE6 /* XCRemoteSwiftPackageReference "firebase-ios-sdk" */,
			);
			productRefGroup = 4A75918429596DB900BB672D /* Products */;
			projectDirPath = "";
			projectRoot = "";
			targets = (
				4A75918229596DB900BB672D /* VenturePrototype */,
				4A75919229596DBA00BB672D /* VenturePrototypeTests */,
				4A75919C29596DBA00BB672D /* VenturePrototypeUITests */,
			);
		};
/* End PBXProject section */

/* Begin PBXResourcesBuildPhase section */
		4A75918129596DB900BB672D /* Resources */ = {
			isa = PBXResourcesBuildPhase;
			buildActionMask = 2147483647;
			files = (
				4A75918E29596DB900BB672D /* Preview Assets.xcassets in Resources */,
				4A75918B29596DB900BB672D /* Assets.xcassets in Resources */,
			);
			runOnlyForDeploymentPostprocessing = 0;
		};
		4A75919129596DBA00BB672D /* Resources */ = {
			isa = PBXResourcesBuildPhase;
			buildActionMask = 2147483647;
			files = (
			);
			runOnlyForDeploymentPostprocessing = 0;
		};
		4A75919B29596DBA00BB672D /* Resources */ = {
			isa = PBXResourcesBuildPhase;
			buildActionMask = 2147483647;
			files = (
			);
			runOnlyForDeploymentPostprocessing = 0;
		};
/* End PBXResourcesBuildPhase section */

/* Begin PBXSourcesBuildPhase section */
		4A75917F29596DB900BB672D /* Sources */ = {
			isa = PBXSourcesBuildPhase;
			buildActionMask = 2147483647;
			files = (
				4A49B48229598C7700D3918D /* OnboardingBackground.swift in Sources */,
				4A60FE2E2959F7D9004336CA /* VentureTextWithLogo.swift in Sources */,
				4A60FE35295A0110004336CA /* RegistrationView.swift in Sources */,
				4A1AA516295ACB0E00D62BF5 /* UIWrappableTextField.swift in Sources */,
				4A7591B62959766900BB672D /* GreetingView.swift in Sources */,
				4A60FE312959FE83004336CA /* PickerView.swift in Sources */,
				4A75918729596DB900BB672D /* VenturePrototypeApp.swift in Sources */,
				4A49B48C29599D5500D3918D /* UsernamePickerView.swift in Sources */,
				4AB29B14295B45C700D80FE6 /* User.swift in Sources */,
				4A49B48F2959AA0E00D3918D /* AuthenticationTextField.swift in Sources */,
				4A60FE41295A1CBB004336CA /* GlobalGeometryReader.swift in Sources */,
				4A49B48A2959905E00D3918D /* AgePickerView.swift in Sources */,
				4A49B4912959B08500D3918D /* OnboardingButton.swift in Sources */,
				4A49B47829597C6400D3918D /* NamePickerView.swift in Sources */,
				4A60FE2B2959F1C3004336CA /* GreetingButton.swift in Sources */,
				4A60FE3F295A1C62004336CA /* TextFieldDynamicWidth.swift in Sources */,
				4A49B4952959B1BC00D3918D /* OnboardingIllustration.swift in Sources */,
				4A1AA52B295B11A200D62BF5 /* PhotoPickerImage.swift in Sources */,
				4A1AA527295B063400D62BF5 /* DayPickerTextField.swift in Sources */,
				4A60FE3D295A0D90004336CA /* OnboardingFlowChangeText.swift in Sources */,
				4A49B4972959B26100D3918D /* AuthenticationVM.swift in Sources */,
				4A49B47A29597C6D00D3918D /* AuthenticationView.swift in Sources */,
				4A1AA529295B0FA800D62BF5 /* PhotoPicker.swift in Sources */,
				4A1AA518295ACBCA00D62BF5 /* UIBirthdayTextField.swift in Sources */,
				4A1AA51D295AF3AF00D62BF5 /* ContinueWithoutImageText.swift in Sources */,
				4A1AA51B295AEED200D62BF5 /* ImagePicker.swift in Sources */,
				4A1AA520295AF3E400D62BF5 /* ImagePickerButton.swift in Sources */,
				4A1AA513295AC6EC00D62BF5 /* AgePickerVM.swift in Sources */,
				4A60FE33295A00D8004336CA /* ImagePickerView.swift in Sources */,
			);
			runOnlyForDeploymentPostprocessing = 0;
		};
		4A75918F29596DBA00BB672D /* Sources */ = {
			isa = PBXSourcesBuildPhase;
			buildActionMask = 2147483647;
			files = (
				4A75919829596DBA00BB672D /* VenturePrototypeTests.swift in Sources */,
			);
			runOnlyForDeploymentPostprocessing = 0;
		};
		4A75919929596DBA00BB672D /* Sources */ = {
			isa = PBXSourcesBuildPhase;
			buildActionMask = 2147483647;
			files = (
				4A7591A229596DBA00BB672D /* VenturePrototypeUITests.swift in Sources */,
				4A7591A429596DBA00BB672D /* VenturePrototypeUITestsLaunchTests.swift in Sources */,
			);
			runOnlyForDeploymentPostprocessing = 0;
		};
/* End PBXSourcesBuildPhase section */

/* Begin PBXTargetDependency section */
		4A75919529596DBA00BB672D /* PBXTargetDependency */ = {
			isa = PBXTargetDependency;
			target = 4A75918229596DB900BB672D /* VenturePrototype */;
			targetProxy = 4A75919429596DBA00BB672D /* PBXContainerItemProxy */;
		};
		4A75919F29596DBA00BB672D /* PBXTargetDependency */ = {
			isa = PBXTargetDependency;
			target = 4A75918229596DB900BB672D /* VenturePrototype */;
			targetProxy = 4A75919E29596DBA00BB672D /* PBXContainerItemProxy */;
		};
/* End PBXTargetDependency section */

/* Begin XCBuildConfiguration section */
		4A7591A529596DBA00BB672D /* Debug */ = {
			isa = XCBuildConfiguration;
			buildSettings = {
				ALWAYS_SEARCH_USER_PATHS = NO;
				CLANG_ANALYZER_NONNULL = YES;
				CLANG_ANALYZER_NUMBER_OBJECT_CONVERSION = YES_AGGRESSIVE;
				CLANG_CXX_LANGUAGE_STANDARD = "gnu++20";
				CLANG_ENABLE_MODULES = YES;
				CLANG_ENABLE_OBJC_ARC = YES;
				CLANG_ENABLE_OBJC_WEAK = YES;
				CLANG_WARN_BLOCK_CAPTURE_AUTORELEASING = YES;
				CLANG_WARN_BOOL_CONVERSION = YES;
				CLANG_WARN_COMMA = YES;
				CLANG_WARN_CONSTANT_CONVERSION = YES;
				CLANG_WARN_DEPRECATED_OBJC_IMPLEMENTATIONS = YES;
				CLANG_WARN_DIRECT_OBJC_ISA_USAGE = YES_ERROR;
				CLANG_WARN_DOCUMENTATION_COMMENTS = YES;
				CLANG_WARN_EMPTY_BODY = YES;
				CLANG_WARN_ENUM_CONVERSION = YES;
				CLANG_WARN_INFINITE_RECURSION = YES;
				CLANG_WARN_INT_CONVERSION = YES;
				CLANG_WARN_NON_LITERAL_NULL_CONVERSION = YES;
				CLANG_WARN_OBJC_IMPLICIT_RETAIN_SELF = YES;
				CLANG_WARN_OBJC_LITERAL_CONVERSION = YES;
				CLANG_WARN_OBJC_ROOT_CLASS = YES_ERROR;
				CLANG_WARN_QUOTED_INCLUDE_IN_FRAMEWORK_HEADER = YES;
				CLANG_WARN_RANGE_LOOP_ANALYSIS = YES;
				CLANG_WARN_STRICT_PROTOTYPES = YES;
				CLANG_WARN_SUSPICIOUS_MOVE = YES;
				CLANG_WARN_UNGUARDED_AVAILABILITY = YES_AGGRESSIVE;
				CLANG_WARN_UNREACHABLE_CODE = YES;
				CLANG_WARN__DUPLICATE_METHOD_MATCH = YES;
				COPY_PHASE_STRIP = NO;
				DEBUG_INFORMATION_FORMAT = dwarf;
				ENABLE_STRICT_OBJC_MSGSEND = YES;
				ENABLE_TESTABILITY = YES;
				GCC_C_LANGUAGE_STANDARD = gnu11;
				GCC_DYNAMIC_NO_PIC = NO;
				GCC_NO_COMMON_BLOCKS = YES;
				GCC_OPTIMIZATION_LEVEL = 0;
				GCC_PREPROCESSOR_DEFINITIONS = (
					"DEBUG=1",
					"$(inherited)",
				);
				GCC_WARN_64_TO_32_BIT_CONVERSION = YES;
				GCC_WARN_ABOUT_RETURN_TYPE = YES_ERROR;
				GCC_WARN_UNDECLARED_SELECTOR = YES;
				GCC_WARN_UNINITIALIZED_AUTOS = YES_AGGRESSIVE;
				GCC_WARN_UNUSED_FUNCTION = YES;
				GCC_WARN_UNUSED_VARIABLE = YES;
				IPHONEOS_DEPLOYMENT_TARGET = 16.2;
				MTL_ENABLE_DEBUG_INFO = INCLUDE_SOURCE;
				MTL_FAST_MATH = YES;
				ONLY_ACTIVE_ARCH = YES;
				SDKROOT = iphoneos;
				SWIFT_ACTIVE_COMPILATION_CONDITIONS = DEBUG;
				SWIFT_OPTIMIZATION_LEVEL = "-Onone";
			};
			name = Debug;
		};
		4A7591A629596DBA00BB672D /* Release */ = {
			isa = XCBuildConfiguration;
			buildSettings = {
				ALWAYS_SEARCH_USER_PATHS = NO;
				CLANG_ANALYZER_NONNULL = YES;
				CLANG_ANALYZER_NUMBER_OBJECT_CONVERSION = YES_AGGRESSIVE;
				CLANG_CXX_LANGUAGE_STANDARD = "gnu++20";
				CLANG_ENABLE_MODULES = YES;
				CLANG_ENABLE_OBJC_ARC = YES;
				CLANG_ENABLE_OBJC_WEAK = YES;
				CLANG_WARN_BLOCK_CAPTURE_AUTORELEASING = YES;
				CLANG_WARN_BOOL_CONVERSION = YES;
				CLANG_WARN_COMMA = YES;
				CLANG_WARN_CONSTANT_CONVERSION = YES;
				CLANG_WARN_DEPRECATED_OBJC_IMPLEMENTATIONS = YES;
				CLANG_WARN_DIRECT_OBJC_ISA_USAGE = YES_ERROR;
				CLANG_WARN_DOCUMENTATION_COMMENTS = YES;
				CLANG_WARN_EMPTY_BODY = YES;
				CLANG_WARN_ENUM_CONVERSION = YES;
				CLANG_WARN_INFINITE_RECURSION = YES;
				CLANG_WARN_INT_CONVERSION = YES;
				CLANG_WARN_NON_LITERAL_NULL_CONVERSION = YES;
				CLANG_WARN_OBJC_IMPLICIT_RETAIN_SELF = YES;
				CLANG_WARN_OBJC_LITERAL_CONVERSION = YES;
				CLANG_WARN_OBJC_ROOT_CLASS = YES_ERROR;
				CLANG_WARN_QUOTED_INCLUDE_IN_FRAMEWORK_HEADER = YES;
				CLANG_WARN_RANGE_LOOP_ANALYSIS = YES;
				CLANG_WARN_STRICT_PROTOTYPES = YES;
				CLANG_WARN_SUSPICIOUS_MOVE = YES;
				CLANG_WARN_UNGUARDED_AVAILABILITY = YES_AGGRESSIVE;
				CLANG_WARN_UNREACHABLE_CODE = YES;
				CLANG_WARN__DUPLICATE_METHOD_MATCH = YES;
				COPY_PHASE_STRIP = NO;
				DEBUG_INFORMATION_FORMAT = "dwarf-with-dsym";
				ENABLE_NS_ASSERTIONS = NO;
				ENABLE_STRICT_OBJC_MSGSEND = YES;
				GCC_C_LANGUAGE_STANDARD = gnu11;
				GCC_NO_COMMON_BLOCKS = YES;
				GCC_WARN_64_TO_32_BIT_CONVERSION = YES;
				GCC_WARN_ABOUT_RETURN_TYPE = YES_ERROR;
				GCC_WARN_UNDECLARED_SELECTOR = YES;
				GCC_WARN_UNINITIALIZED_AUTOS = YES_AGGRESSIVE;
				GCC_WARN_UNUSED_FUNCTION = YES;
				GCC_WARN_UNUSED_VARIABLE = YES;
				IPHONEOS_DEPLOYMENT_TARGET = 16.2;
				MTL_ENABLE_DEBUG_INFO = NO;
				MTL_FAST_MATH = YES;
				SDKROOT = iphoneos;
				SWIFT_COMPILATION_MODE = wholemodule;
				SWIFT_OPTIMIZATION_LEVEL = "-O";
				VALIDATE_PRODUCT = YES;
			};
			name = Release;
		};
		4A7591A829596DBA00BB672D /* Debug */ = {
			isa = XCBuildConfiguration;
			buildSettings = {
				ASSETCATALOG_COMPILER_APPICON_NAME = AppIcon;
				ASSETCATALOG_COMPILER_GLOBAL_ACCENT_COLOR_NAME = AccentColor;
				CODE_SIGN_STYLE = Automatic;
				CURRENT_PROJECT_VERSION = 1;
				DEVELOPMENT_ASSET_PATHS = "\"VenturePrototype/Preview Content\"";
				DEVELOPMENT_TEAM = PMUCGBJYJT;
				ENABLE_PREVIEWS = YES;
				GENERATE_INFOPLIST_FILE = YES;
				INFOPLIST_KEY_UIApplicationSceneManifest_Generation = YES;
				INFOPLIST_KEY_UIApplicationSupportsIndirectInputEvents = YES;
				INFOPLIST_KEY_UILaunchScreen_Generation = YES;
				INFOPLIST_KEY_UISupportedInterfaceOrientations_iPad = "UIInterfaceOrientationPortrait UIInterfaceOrientationPortraitUpsideDown UIInterfaceOrientationLandscapeLeft UIInterfaceOrientationLandscapeRight";
				INFOPLIST_KEY_UISupportedInterfaceOrientations_iPhone = "UIInterfaceOrientationPortrait UIInterfaceOrientationLandscapeLeft UIInterfaceOrientationLandscapeRight";
				LD_RUNPATH_SEARCH_PATHS = (
					"$(inherited)",
					"@executable_path/Frameworks",
				);
				MARKETING_VERSION = 1.0;
				PRODUCT_BUNDLE_IDENTIFIER = com.venturelive.VenturePrototype;
				PRODUCT_NAME = "$(TARGET_NAME)";
				SWIFT_EMIT_LOC_STRINGS = YES;
				SWIFT_VERSION = 5.0;
				TARGETED_DEVICE_FAMILY = "1,2";
			};
			name = Debug;
		};
		4A7591A929596DBA00BB672D /* Release */ = {
			isa = XCBuildConfiguration;
			buildSettings = {
				ASSETCATALOG_COMPILER_APPICON_NAME = AppIcon;
				ASSETCATALOG_COMPILER_GLOBAL_ACCENT_COLOR_NAME = AccentColor;
				CODE_SIGN_STYLE = Automatic;
				CURRENT_PROJECT_VERSION = 1;
				DEVELOPMENT_ASSET_PATHS = "\"VenturePrototype/Preview Content\"";
				DEVELOPMENT_TEAM = PMUCGBJYJT;
				ENABLE_PREVIEWS = YES;
				GENERATE_INFOPLIST_FILE = YES;
				INFOPLIST_KEY_UIApplicationSceneManifest_Generation = YES;
				INFOPLIST_KEY_UIApplicationSupportsIndirectInputEvents = YES;
				INFOPLIST_KEY_UILaunchScreen_Generation = YES;
				INFOPLIST_KEY_UISupportedInterfaceOrientations_iPad = "UIInterfaceOrientationPortrait UIInterfaceOrientationPortraitUpsideDown UIInterfaceOrientationLandscapeLeft UIInterfaceOrientationLandscapeRight";
				INFOPLIST_KEY_UISupportedInterfaceOrientations_iPhone = "UIInterfaceOrientationPortrait UIInterfaceOrientationLandscapeLeft UIInterfaceOrientationLandscapeRight";
				LD_RUNPATH_SEARCH_PATHS = (
					"$(inherited)",
					"@executable_path/Frameworks",
				);
				MARKETING_VERSION = 1.0;
				PRODUCT_BUNDLE_IDENTIFIER = com.venturelive.VenturePrototype;
				PRODUCT_NAME = "$(TARGET_NAME)";
				SWIFT_EMIT_LOC_STRINGS = YES;
				SWIFT_VERSION = 5.0;
				TARGETED_DEVICE_FAMILY = "1,2";
			};
			name = Release;
		};
		4A7591AB29596DBA00BB672D /* Debug */ = {
			isa = XCBuildConfiguration;
			buildSettings = {
				ALWAYS_EMBED_SWIFT_STANDARD_LIBRARIES = YES;
				BUNDLE_LOADER = "$(TEST_HOST)";
				CODE_SIGN_STYLE = Automatic;
				CURRENT_PROJECT_VERSION = 1;
				DEVELOPMENT_TEAM = PMUCGBJYJT;
				GENERATE_INFOPLIST_FILE = YES;
				IPHONEOS_DEPLOYMENT_TARGET = 16.2;
				MARKETING_VERSION = 1.0;
				PRODUCT_BUNDLE_IDENTIFIER = com.venturelive.VenturePrototypeTests;
				PRODUCT_NAME = "$(TARGET_NAME)";
				SWIFT_EMIT_LOC_STRINGS = NO;
				SWIFT_VERSION = 5.0;
				TARGETED_DEVICE_FAMILY = "1,2";
				TEST_HOST = "$(BUILT_PRODUCTS_DIR)/VenturePrototype.app/$(BUNDLE_EXECUTABLE_FOLDER_PATH)/VenturePrototype";
			};
			name = Debug;
		};
		4A7591AC29596DBA00BB672D /* Release */ = {
			isa = XCBuildConfiguration;
			buildSettings = {
				ALWAYS_EMBED_SWIFT_STANDARD_LIBRARIES = YES;
				BUNDLE_LOADER = "$(TEST_HOST)";
				CODE_SIGN_STYLE = Automatic;
				CURRENT_PROJECT_VERSION = 1;
				DEVELOPMENT_TEAM = PMUCGBJYJT;
				GENERATE_INFOPLIST_FILE = YES;
				IPHONEOS_DEPLOYMENT_TARGET = 16.2;
				MARKETING_VERSION = 1.0;
				PRODUCT_BUNDLE_IDENTIFIER = com.venturelive.VenturePrototypeTests;
				PRODUCT_NAME = "$(TARGET_NAME)";
				SWIFT_EMIT_LOC_STRINGS = NO;
				SWIFT_VERSION = 5.0;
				TARGETED_DEVICE_FAMILY = "1,2";
				TEST_HOST = "$(BUILT_PRODUCTS_DIR)/VenturePrototype.app/$(BUNDLE_EXECUTABLE_FOLDER_PATH)/VenturePrototype";
			};
			name = Release;
		};
		4A7591AE29596DBA00BB672D /* Debug */ = {
			isa = XCBuildConfiguration;
			buildSettings = {
				ALWAYS_EMBED_SWIFT_STANDARD_LIBRARIES = YES;
				CODE_SIGN_STYLE = Automatic;
				CURRENT_PROJECT_VERSION = 1;
				DEVELOPMENT_TEAM = PMUCGBJYJT;
				GENERATE_INFOPLIST_FILE = YES;
				MARKETING_VERSION = 1.0;
				PRODUCT_BUNDLE_IDENTIFIER = com.venturelive.VenturePrototypeUITests;
				PRODUCT_NAME = "$(TARGET_NAME)";
				SWIFT_EMIT_LOC_STRINGS = NO;
				SWIFT_VERSION = 5.0;
				TARGETED_DEVICE_FAMILY = "1,2";
				TEST_TARGET_NAME = VenturePrototype;
			};
			name = Debug;
		};
		4A7591AF29596DBA00BB672D /* Release */ = {
			isa = XCBuildConfiguration;
			buildSettings = {
				ALWAYS_EMBED_SWIFT_STANDARD_LIBRARIES = YES;
				CODE_SIGN_STYLE = Automatic;
				CURRENT_PROJECT_VERSION = 1;
				DEVELOPMENT_TEAM = PMUCGBJYJT;
				GENERATE_INFOPLIST_FILE = YES;
				MARKETING_VERSION = 1.0;
				PRODUCT_BUNDLE_IDENTIFIER = com.venturelive.VenturePrototypeUITests;
				PRODUCT_NAME = "$(TARGET_NAME)";
				SWIFT_EMIT_LOC_STRINGS = NO;
				SWIFT_VERSION = 5.0;
				TARGETED_DEVICE_FAMILY = "1,2";
				TEST_TARGET_NAME = VenturePrototype;
			};
			name = Release;
		};
/* End XCBuildConfiguration section */

/* Begin XCConfigurationList section */
		4A75917E29596DB900BB672D /* Build configuration list for PBXProject "VenturePrototype" */ = {
			isa = XCConfigurationList;
			buildConfigurations = (
				4A7591A529596DBA00BB672D /* Debug */,
				4A7591A629596DBA00BB672D /* Release */,
			);
			defaultConfigurationIsVisible = 0;
			defaultConfigurationName = Release;
		};
		4A7591A729596DBA00BB672D /* Build configuration list for PBXNativeTarget "VenturePrototype" */ = {
			isa = XCConfigurationList;
			buildConfigurations = (
				4A7591A829596DBA00BB672D /* Debug */,
				4A7591A929596DBA00BB672D /* Release */,
			);
			defaultConfigurationIsVisible = 0;
			defaultConfigurationName = Release;
		};
		4A7591AA29596DBA00BB672D /* Build configuration list for PBXNativeTarget "VenturePrototypeTests" */ = {
			isa = XCConfigurationList;
			buildConfigurations = (
				4A7591AB29596DBA00BB672D /* Debug */,
				4A7591AC29596DBA00BB672D /* Release */,
			);
			defaultConfigurationIsVisible = 0;
			defaultConfigurationName = Release;
		};
		4A7591AD29596DBA00BB672D /* Build configuration list for PBXNativeTarget "VenturePrototypeUITests" */ = {
			isa = XCConfigurationList;
			buildConfigurations = (
				4A7591AE29596DBA00BB672D /* Debug */,
				4A7591AF29596DBA00BB672D /* Release */,
			);
			defaultConfigurationIsVisible = 0;
			defaultConfigurationName = Release;
		};
/* End XCConfigurationList section */

/* Begin XCRemoteSwiftPackageReference section */
		4AB29B15295B4A3D00D80FE6 /* XCRemoteSwiftPackageReference "firebase-ios-sdk" */ = {
			isa = XCRemoteSwiftPackageReference;
			repositoryURL = "https://github.com/firebase/firebase-ios-sdk";
			requirement = {
				branch = master;
				kind = branch;
			};
		};
/* End XCRemoteSwiftPackageReference section */

/* Begin XCSwiftPackageProductDependency section */
		4AB29B16295B4A3D00D80FE6 /* FirebaseAuth */ = {
			isa = XCSwiftPackageProductDependency;
			package = 4AB29B15295B4A3D00D80FE6 /* XCRemoteSwiftPackageReference "firebase-ios-sdk" */;
			productName = FirebaseAuth;
		};
		4AB29B18295B4A3D00D80FE6 /* FirebaseFirestore */ = {
			isa = XCSwiftPackageProductDependency;
			package = 4AB29B15295B4A3D00D80FE6 /* XCRemoteSwiftPackageReference "firebase-ios-sdk" */;
			productName = FirebaseFirestore;
		};
		4AB29B1A295B4A3D00D80FE6 /* FirebaseFirestoreSwift */ = {
			isa = XCSwiftPackageProductDependency;
			package = 4AB29B15295B4A3D00D80FE6 /* XCRemoteSwiftPackageReference "firebase-ios-sdk" */;
			productName = FirebaseFirestoreSwift;
		};
		4AB29B1C295B4A3D00D80FE6 /* FirebaseStorage */ = {
			isa = XCSwiftPackageProductDependency;
			package = 4AB29B15295B4A3D00D80FE6 /* XCRemoteSwiftPackageReference "firebase-ios-sdk" */;
			productName = FirebaseStorage;
		};
/* End XCSwiftPackageProductDependency section */
	};
	rootObject = 4A75917B29596DB900BB672D /* Project object */;
}
